
Microsoft Visual Studio Solution File, Format Version 11.00
# Visual Studio 2010
Project("{FAE04EC0-301F-11D3-BF4B-00C04F79EFBC}") = "Williamson.MSBuild.Tasks", "Williamson.MSBuild.Tasks\Williamson.MSBuild.Tasks.csproj", "{29F0C7A0-8899-4772-9398-AC8D493329B2}"
EndProject
Project("{2150E333-8FDC-42A3-9474-1A3956D46DE8}") = "Solution Items", "Solution Items", "{0E8AACC1-9A69-4110-84BD-380CB8C74147}"
	ProjectSection(SolutionItems) = preProject
		..\build.xml = ..\build.xml
	EndProjectSection
EndProject
Project("{FAE04EC0-301F-11D3-BF4B-00C04F79EFBC}") = "Williamson.MSBuild.Tasks.Tests", "Williamson.MSBuild.Tasks.Tests\Williamson.MSBuild.Tasks.Tests.csproj", "{2B5C5326-3B2B-4FE1-AC8D-DA71477143F4}"
EndProject
Project("{2150E333-8FDC-42A3-9474-1A3956D46DE8}") = "Build", "Build", "{8909D7E3-5F3D-4948-9FE2-2222951F3AA6}"
EndProject
Global
	GlobalSection(SolutionConfigurationPlatforms) = preSolution
		Debug|Any CPU = Debug|Any CPU
		Release|Any CPU = Release|Any CPU
	EndGlobalSection
	GlobalSection(ProjectConfigurationPlatforms) = postSolution
		{29F0C7A0-8899-4772-9398-AC8D493329B2}.Debug|Any CPU.ActiveCfg = Debug|Any CPU
		{29F0C7A0-8899-4772-9398-AC8D493329B2}.Debug|Any CPU.Build.0 = Debug|Any CPU
		{29F0C7A0-8899-4772-9398-AC8D493329B2}.Release|Any CPU.ActiveCfg = Release|Any CPU
		{29F0C7A0-8899-4772-9398-AC8D493329B2}.Release|Any CPU.Build.0 = Release|Any CPU
		{2B5C5326-3B2B-4FE1-AC8D-DA71477143F4}.Debug|Any CPU.ActiveCfg = Debug|Any CPU
		{2B5C5326-3B2B-4FE1-AC8D-DA71477143F4}.Debug|Any CPU.Build.0 = Debug|Any CPU
		{2B5C5326-3B2B-4FE1-AC8D-DA71477143F4}.Release|Any CPU.ActiveCfg = Release|Any CPU
		{2B5C5326-3B2B-4FE1-AC8D-DA71477143F4}.Release|Any CPU.Build.0 = Release|Any CPU
	EndGlobalSection
	GlobalSection(SolutionProperties) = preSolution
		HideSolutionNode = FALSE
	EndGlobalSection
	GlobalSection(NestedProjects) = preSolution
		{29F0C7A0-8899-4772-9398-AC8D493329B2} = {8909D7E3-5F3D-4948-9FE2-2222951F3AA6}
		{2B5C5326-3B2B-4FE1-AC8D-DA71477143F4} = {8909D7E3-5F3D-4948-9FE2-2222951F3AA6}
		{0E8AACC1-9A69-4110-84BD-380CB8C74147} = {8909D7E3-5F3D-4948-9FE2-2222951F3AA6}
	EndGlobalSection
EndGlobal
